// !$*UTF8*$!
{
	archiveVersion = 1;
	classes = {
	};
	objectVersion = 56;
	objects = {

/* Begin PBXBuildFile section */
		A62F2C69294E710800656643 /* EssentialFeediOS.framework in Frameworks */ = {isa = PBXBuildFile; fileRef = A62F2C61294E710600656643 /* EssentialFeediOS.framework */; };
		A62F2C6F294E710800656643 /* EssentialFeediOS.h in Headers */ = {isa = PBXBuildFile; fileRef = A62F2C63294E710700656643 /* EssentialFeediOS.h */; settings = {ATTRIBUTES = (Public, ); }; };
		A62F2C78294E79C000656643 /* FeedUIIntegrationTests.swift in Sources */ = {isa = PBXBuildFile; fileRef = A62F2C77294E79C000656643 /* FeedUIIntegrationTests.swift */; };
		A62F2C7A294E7C2C00656643 /* EssentialFeed.framework in Frameworks */ = {isa = PBXBuildFile; fileRef = C89A7554293A567500998336 /* EssentialFeed.framework */; platformFilter = ios; };
		A62F2C7B294E7C2C00656643 /* EssentialFeed.framework in Embed Frameworks */ = {isa = PBXBuildFile; fileRef = C89A7554293A567500998336 /* EssentialFeed.framework */; platformFilter = ios; settings = {ATTRIBUTES = (CodeSignOnCopy, RemoveHeadersOnCopy, ); }; };
		A62F2C7F294E7D2B00656643 /* XCTestCase+MemoryLeakTracking.swift in Sources */ = {isa = PBXBuildFile; fileRef = C82649E8293DFD2B00823ACF /* XCTestCase+MemoryLeakTracking.swift */; };
		A62F2C81294E8C6800656643 /* FeedViewController.swift in Sources */ = {isa = PBXBuildFile; fileRef = A62F2C80294E8C6800656643 /* FeedViewController.swift */; };
		A62F2C83294E92A700656643 /* FeedImageCell.swift in Sources */ = {isa = PBXBuildFile; fileRef = A62F2C82294E92A700656643 /* FeedImageCell.swift */; };
		A62F2C85294EAC5500656643 /* UIView+Shimmering.swift in Sources */ = {isa = PBXBuildFile; fileRef = A62F2C84294EAC5500656643 /* UIView+Shimmering.swift */; };
		A6854B3C294A2CEC0034B168 /* FeedCacheTestHelpers.swift in Sources */ = {isa = PBXBuildFile; fileRef = A6D5FC632947D4C400DCF17F /* FeedCacheTestHelpers.swift */; };
		A6854B3D294A2CFC0034B168 /* SharedTestHelpers.swift in Sources */ = {isa = PBXBuildFile; fileRef = A6D5FC652947D57B00DCF17F /* SharedTestHelpers.swift */; };
		A68AB3432954AF9F0064CCB4 /* ErrorView.swift in Sources */ = {isa = PBXBuildFile; fileRef = A68AB3422954AF9F0064CCB4 /* ErrorView.swift */; };
		A68F2556293F89CF00A25A63 /* EssentialFeedAPIEndToEndTests.swift in Sources */ = {isa = PBXBuildFile; fileRef = A68F2555293F89CF00A25A63 /* EssentialFeedAPIEndToEndTests.swift */; };
		A68F2557293F89CF00A25A63 /* EssentialFeed.framework in Frameworks */ = {isa = PBXBuildFile; fileRef = C89A7554293A567500998336 /* EssentialFeed.framework */; };
		A68F255D293F967D00A25A63 /* XCTestCase+MemoryLeakTracking.swift in Sources */ = {isa = PBXBuildFile; fileRef = C82649E8293DFD2B00823ACF /* XCTestCase+MemoryLeakTracking.swift */; };
		A69355AB294FD62100D241C7 /* UIImage+TestHelpers.swift in Sources */ = {isa = PBXBuildFile; fileRef = A69355AA294FD62100D241C7 /* UIImage+TestHelpers.swift */; };
		A69355AD294FD69100D241C7 /* UIRefreshControl+TestHelpers.swift in Sources */ = {isa = PBXBuildFile; fileRef = A69355AC294FD69100D241C7 /* UIRefreshControl+TestHelpers.swift */; };
		A69355AF294FD70A00D241C7 /* UIButton+TestHelpers.swift in Sources */ = {isa = PBXBuildFile; fileRef = A69355AE294FD70A00D241C7 /* UIButton+TestHelpers.swift */; };
		A69355B1294FD74E00D241C7 /* UIControl+TestHelpers.swift in Sources */ = {isa = PBXBuildFile; fileRef = A69355B0294FD74E00D241C7 /* UIControl+TestHelpers.swift */; };
		A69355B7294FD87B00D241C7 /* FeedViewController+TestHelpers.swift in Sources */ = {isa = PBXBuildFile; fileRef = A69355B6294FD87B00D241C7 /* FeedViewController+TestHelpers.swift */; };
		A69355B9294FD8CB00D241C7 /* FeedImageCell+TestHelpers.swift in Sources */ = {isa = PBXBuildFile; fileRef = A69355B8294FD8CB00D241C7 /* FeedImageCell+TestHelpers.swift */; };
		A69355BB294FD91800D241C7 /* FeedUIIntegrationTests+LoaderSpy.swift in Sources */ = {isa = PBXBuildFile; fileRef = A69355BA294FD91800D241C7 /* FeedUIIntegrationTests+LoaderSpy.swift */; };
		A69355BD294FD96000D241C7 /* FeedUIIntegrationTests+Assertions.swift in Sources */ = {isa = PBXBuildFile; fileRef = A69355BC294FD96000D241C7 /* FeedUIIntegrationTests+Assertions.swift */; };
		A69355C3294FDA6500D241C7 /* FeedImageDataLoader.swift in Sources */ = {isa = PBXBuildFile; fileRef = A69355C2294FDA6500D241C7 /* FeedImageDataLoader.swift */; };
		A69355C7294FE1BE00D241C7 /* FeedImageCellController.swift in Sources */ = {isa = PBXBuildFile; fileRef = A69355C6294FE1BE00D241C7 /* FeedImageCellController.swift */; };
		A69355CA294FE62600D241C7 /* FeedUIComposer.swift in Sources */ = {isa = PBXBuildFile; fileRef = A69355C9294FE62600D241C7 /* FeedUIComposer.swift */; };
		A69355CF294FF97B00D241C7 /* FeedImageViewModel.swift in Sources */ = {isa = PBXBuildFile; fileRef = A69355CE294FF97B00D241C7 /* FeedImageViewModel.swift */; };
		A69355D2295073C700D241C7 /* FeedPresenter.swift in Sources */ = {isa = PBXBuildFile; fileRef = A69355D1295073C700D241C7 /* FeedPresenter.swift */; };
		A69355D42950816600D241C7 /* FeedImagePresenter.swift in Sources */ = {isa = PBXBuildFile; fileRef = A69355D32950816600D241C7 /* FeedImagePresenter.swift */; };
		A69355D62950830500D241C7 /* FeedLoadingViewModel.swift in Sources */ = {isa = PBXBuildFile; fileRef = A69355D52950830500D241C7 /* FeedLoadingViewModel.swift */; };
		A69355D82950832A00D241C7 /* FeedViewModel.swift in Sources */ = {isa = PBXBuildFile; fileRef = A69355D72950832A00D241C7 /* FeedViewModel.swift */; };
		A69355DF2950A5AB00D241C7 /* Feed.storyboard in Resources */ = {isa = PBXBuildFile; fileRef = A69355DE2950A5AB00D241C7 /* Feed.storyboard */; };
		A69355E12950A5B900D241C7 /* Feed.xcassets in Resources */ = {isa = PBXBuildFile; fileRef = A69355E02950A5B900D241C7 /* Feed.xcassets */; };
		A69355E32950B31500D241C7 /* UITableView+Dequeueing.swift in Sources */ = {isa = PBXBuildFile; fileRef = A69355E22950B31500D241C7 /* UITableView+Dequeueing.swift */; };
		A69355E52950C15600D241C7 /* UIImageView+Animations.swift in Sources */ = {isa = PBXBuildFile; fileRef = A69355E42950C15600D241C7 /* UIImageView+Animations.swift */; };
		A69355E92950CA6100D241C7 /* FeedUIIntegrationTests+Localization.swift in Sources */ = {isa = PBXBuildFile; fileRef = A69355E82950CA6100D241C7 /* FeedUIIntegrationTests+Localization.swift */; };
		A69355EA2950CBD000D241C7 /* Feed.strings in Resources */ = {isa = PBXBuildFile; fileRef = A69355EC2950CBD000D241C7 /* Feed.strings */; };
		A69355F12950CCEE00D241C7 /* FeedLocalizationTests.swift in Sources */ = {isa = PBXBuildFile; fileRef = A69355F02950CCEE00D241C7 /* FeedLocalizationTests.swift */; };
		A69355F32950E9D500D241C7 /* MainQueueDispatchDecorator.swift in Sources */ = {isa = PBXBuildFile; fileRef = A69355F22950E9D500D241C7 /* MainQueueDispatchDecorator.swift */; };
		A69355F52950EAC400D241C7 /* WeakRefVirtualProxy.swift in Sources */ = {isa = PBXBuildFile; fileRef = A69355F42950EAC400D241C7 /* WeakRefVirtualProxy.swift */; };
		A69355F72950EB1600D241C7 /* FeedImageDataLoaderPresentationAdapter.swift in Sources */ = {isa = PBXBuildFile; fileRef = A69355F62950EB1600D241C7 /* FeedImageDataLoaderPresentationAdapter.swift */; };
		A69355F92950EB6100D241C7 /* FeedLoaderPresentationAdapter.swift in Sources */ = {isa = PBXBuildFile; fileRef = A69355F82950EB6100D241C7 /* FeedLoaderPresentationAdapter.swift */; };
		A69355FB2950EB9C00D241C7 /* FeedViewAdapter.swift in Sources */ = {isa = PBXBuildFile; fileRef = A69355FA2950EB9C00D241C7 /* FeedViewAdapter.swift */; };
		A6D5FC522943999600DCF17F /* CacheFeedUseCaseTests.swift in Sources */ = {isa = PBXBuildFile; fileRef = A6D5FC512943999600DCF17F /* CacheFeedUseCaseTests.swift */; };
		A6D5FC55294686D700DCF17F /* LocalFeedLoader.swift in Sources */ = {isa = PBXBuildFile; fileRef = A6D5FC54294686D700DCF17F /* LocalFeedLoader.swift */; };
		A6D5FC572946877900DCF17F /* FeedStore.swift in Sources */ = {isa = PBXBuildFile; fileRef = A6D5FC562946877900DCF17F /* FeedStore.swift */; };
		A6D5FC5929469BCD00DCF17F /* RemoteFeedItem.swift in Sources */ = {isa = PBXBuildFile; fileRef = A6D5FC5829469BCD00DCF17F /* RemoteFeedItem.swift */; };
		A6D5FC5B29469C0400DCF17F /* LocalFeedImage.swift in Sources */ = {isa = PBXBuildFile; fileRef = A6D5FC5A29469C0400DCF17F /* LocalFeedImage.swift */; };
		A6D5FC5D2947A8F000DCF17F /* LoadFeedFromCacheUseCaseTests.swift in Sources */ = {isa = PBXBuildFile; fileRef = A6D5FC5C2947A8F000DCF17F /* LoadFeedFromCacheUseCaseTests.swift */; };
		A6D5FC602947AA4A00DCF17F /* FeedStoreSpy.swift in Sources */ = {isa = PBXBuildFile; fileRef = A6D5FC5F2947AA4A00DCF17F /* FeedStoreSpy.swift */; };
		A6D5FC622947D0AF00DCF17F /* ValidateFeedCacheUseCaseTests.swift in Sources */ = {isa = PBXBuildFile; fileRef = A6D5FC612947D0AF00DCF17F /* ValidateFeedCacheUseCaseTests.swift */; };
		A6D5FC642947D4C400DCF17F /* FeedCacheTestHelpers.swift in Sources */ = {isa = PBXBuildFile; fileRef = A6D5FC632947D4C400DCF17F /* FeedCacheTestHelpers.swift */; };
		A6D5FC662947D57B00DCF17F /* SharedTestHelpers.swift in Sources */ = {isa = PBXBuildFile; fileRef = A6D5FC652947D57B00DCF17F /* SharedTestHelpers.swift */; };
		A6D5FC682947E75C00DCF17F /* FeedCachePolicy.swift in Sources */ = {isa = PBXBuildFile; fileRef = A6D5FC672947E75C00DCF17F /* FeedCachePolicy.swift */; };
		A6D5FC6E29493EBC00DCF17F /* FeedStoreSpecs.swift in Sources */ = {isa = PBXBuildFile; fileRef = A6D5FC6D29493EBC00DCF17F /* FeedStoreSpecs.swift */; };
		A6D5FC7029493FF800DCF17F /* XCTestCase+FeedStoreSpecs.swift in Sources */ = {isa = PBXBuildFile; fileRef = A6D5FC6F29493FF800DCF17F /* XCTestCase+FeedStoreSpecs.swift */; };
		A6D5FC722949431600DCF17F /* XCTestCase+FailableRetrieveFeedStoreSpecs.swift in Sources */ = {isa = PBXBuildFile; fileRef = A6D5FC712949431600DCF17F /* XCTestCase+FailableRetrieveFeedStoreSpecs.swift */; };
		A6D5FC742949439F00DCF17F /* XCTestCase+FailableInsertFeedStoreSpecs.swift in Sources */ = {isa = PBXBuildFile; fileRef = A6D5FC732949439F00DCF17F /* XCTestCase+FailableInsertFeedStoreSpecs.swift */; };
		A6D5FC762949440800DCF17F /* XCTestCase+FailableDeleteFeedStoreSpecs.swift in Sources */ = {isa = PBXBuildFile; fileRef = A6D5FC752949440800DCF17F /* XCTestCase+FailableDeleteFeedStoreSpecs.swift */; };
		A6D5FC792949FCFB00DCF17F /* CoreDataFeedStoreTests.swift in Sources */ = {isa = PBXBuildFile; fileRef = A6D5FC782949FCFB00DCF17F /* CoreDataFeedStoreTests.swift */; };
		A6D5FC7B2949FE2600DCF17F /* CoreDataFeedStore.swift in Sources */ = {isa = PBXBuildFile; fileRef = A6D5FC7A2949FE2600DCF17F /* CoreDataFeedStore.swift */; };
		A6D5FC7E2949FF6E00DCF17F /* FeedStore.xcdatamodeld in Sources */ = {isa = PBXBuildFile; fileRef = A6D5FC7C2949FF6E00DCF17F /* FeedStore.xcdatamodeld */; };
		A6D5FC83294A111C00DCF17F /* CoreDataHelpers.swift in Sources */ = {isa = PBXBuildFile; fileRef = A6D5FC82294A111C00DCF17F /* CoreDataHelpers.swift */; };
		A6D5FC85294A119400DCF17F /* ManagedCache.swift in Sources */ = {isa = PBXBuildFile; fileRef = A6D5FC84294A119400DCF17F /* ManagedCache.swift */; };
		A6D5FC87294A11B300DCF17F /* ManagedFeedImage.swift in Sources */ = {isa = PBXBuildFile; fileRef = A6D5FC86294A11B300DCF17F /* ManagedFeedImage.swift */; };
		A6ECF34B294A28DF00D86A84 /* EssentialFeedCacheIntegrationTests.swift in Sources */ = {isa = PBXBuildFile; fileRef = A6ECF34A294A28DF00D86A84 /* EssentialFeedCacheIntegrationTests.swift */; };
		A6ECF34C294A28DF00D86A84 /* EssentialFeed.framework in Frameworks */ = {isa = PBXBuildFile; fileRef = C89A7554293A567500998336 /* EssentialFeed.framework */; };
		A6ECF352294A2B2000D86A84 /* XCTestCase+MemoryLeakTracking.swift in Sources */ = {isa = PBXBuildFile; fileRef = C82649E8293DFD2B00823ACF /* XCTestCase+MemoryLeakTracking.swift */; };
		C82101E6293AC2C6007A696A /* RemoteFeedLoader.swift in Sources */ = {isa = PBXBuildFile; fileRef = C82101E5293AC2C6007A696A /* RemoteFeedLoader.swift */; };
		C82101E8293D3BFA007A696A /* HTTPClient.swift in Sources */ = {isa = PBXBuildFile; fileRef = C82101E7293D3BFA007A696A /* HTTPClient.swift */; };
		C82101EA293D3C31007A696A /* FeedItemsMapper.swift in Sources */ = {isa = PBXBuildFile; fileRef = C82101E9293D3C31007A696A /* FeedItemsMapper.swift */; };
		C82101ED293D5A44007A696A /* URLSessionHTTPClientTests.swift in Sources */ = {isa = PBXBuildFile; fileRef = C82101EC293D5A44007A696A /* URLSessionHTTPClientTests.swift */; };
		C82649E9293DFD2B00823ACF /* XCTestCase+MemoryLeakTracking.swift in Sources */ = {isa = PBXBuildFile; fileRef = C82649E8293DFD2B00823ACF /* XCTestCase+MemoryLeakTracking.swift */; };
		C832DB11293F4DE900D8F708 /* URLSessionHTTPClient.swift in Sources */ = {isa = PBXBuildFile; fileRef = C832DB10293F4DE900D8F708 /* URLSessionHTTPClient.swift */; };
		C89A7559293A567500998336 /* EssentialFeed.docc in Sources */ = {isa = PBXBuildFile; fileRef = C89A7558293A567500998336 /* EssentialFeed.docc */; };
		C89A755F293A567500998336 /* EssentialFeed.framework in Frameworks */ = {isa = PBXBuildFile; fileRef = C89A7554293A567500998336 /* EssentialFeed.framework */; };
		C89A7564293A567500998336 /* LoadFeedFromRemoteUseCaseTests.swift in Sources */ = {isa = PBXBuildFile; fileRef = C89A7563293A567500998336 /* LoadFeedFromRemoteUseCaseTests.swift */; };
		C89A7565293A567500998336 /* EssentialFeed.h in Headers */ = {isa = PBXBuildFile; fileRef = C89A7557293A567500998336 /* EssentialFeed.h */; settings = {ATTRIBUTES = (Public, ); }; };
		C89A756F293A56A000998336 /* FeedImage.swift in Sources */ = {isa = PBXBuildFile; fileRef = C89A756E293A56A000998336 /* FeedImage.swift */; };
		C89A7571293A574C00998336 /* FeedLoader.swift in Sources */ = {isa = PBXBuildFile; fileRef = C89A7570293A574C00998336 /* FeedLoader.swift */; };
/* End PBXBuildFile section */

/* Begin PBXContainerItemProxy section */
		A62F2C6A294E710800656643 /* PBXContainerItemProxy */ = {
			isa = PBXContainerItemProxy;
			containerPortal = C89A754B293A567500998336 /* Project object */;
			proxyType = 1;
			remoteGlobalIDString = A62F2C60294E710600656643;
			remoteInfo = EssentialFeediOS;
		};
		A62F2C7C294E7C2C00656643 /* PBXContainerItemProxy */ = {
			isa = PBXContainerItemProxy;
			containerPortal = C89A754B293A567500998336 /* Project object */;
			proxyType = 1;
			remoteGlobalIDString = C89A7553293A567500998336;
			remoteInfo = EssentialFeed;
		};
		A68F2558293F89CF00A25A63 /* PBXContainerItemProxy */ = {
			isa = PBXContainerItemProxy;
			containerPortal = C89A754B293A567500998336 /* Project object */;
			proxyType = 1;
			remoteGlobalIDString = C89A7553293A567500998336;
			remoteInfo = EssentialFeed;
		};
		A6ECF34D294A28DF00D86A84 /* PBXContainerItemProxy */ = {
			isa = PBXContainerItemProxy;
			containerPortal = C89A754B293A567500998336 /* Project object */;
			proxyType = 1;
			remoteGlobalIDString = C89A7553293A567500998336;
			remoteInfo = EssentialFeed;
		};
		C89A7560293A567500998336 /* PBXContainerItemProxy */ = {
			isa = PBXContainerItemProxy;
			containerPortal = C89A754B293A567500998336 /* Project object */;
			proxyType = 1;
			remoteGlobalIDString = C89A7553293A567500998336;
			remoteInfo = EssentialFeed;
		};
/* End PBXContainerItemProxy section */

/* Begin PBXCopyFilesBuildPhase section */
		A62F2C7E294E7C2D00656643 /* Embed Frameworks */ = {
			isa = PBXCopyFilesBuildPhase;
			buildActionMask = 2147483647;
			dstPath = "";
			dstSubfolderSpec = 10;
			files = (
				A62F2C7B294E7C2C00656643 /* EssentialFeed.framework in Embed Frameworks */,
			);
			name = "Embed Frameworks";
			runOnlyForDeploymentPostprocessing = 0;
		};
/* End PBXCopyFilesBuildPhase section */

/* Begin PBXFileReference section */
		A62F2C61294E710600656643 /* EssentialFeediOS.framework */ = {isa = PBXFileReference; explicitFileType = wrapper.framework; includeInIndex = 0; path = EssentialFeediOS.framework; sourceTree = BUILT_PRODUCTS_DIR; };
		A62F2C63294E710700656643 /* EssentialFeediOS.h */ = {isa = PBXFileReference; lastKnownFileType = sourcecode.c.h; path = EssentialFeediOS.h; sourceTree = "<group>"; };
		A62F2C68294E710800656643 /* EssentialFeediOSTests.xctest */ = {isa = PBXFileReference; explicitFileType = wrapper.cfbundle; includeInIndex = 0; path = EssentialFeediOSTests.xctest; sourceTree = BUILT_PRODUCTS_DIR; };
		A62F2C76294E79BF00656643 /* EssentialFeediOSTests-Bridging-Header.h */ = {isa = PBXFileReference; lastKnownFileType = sourcecode.c.h; path = "EssentialFeediOSTests-Bridging-Header.h"; sourceTree = "<group>"; };
		A62F2C77294E79C000656643 /* FeedUIIntegrationTests.swift */ = {isa = PBXFileReference; lastKnownFileType = sourcecode.swift; path = FeedUIIntegrationTests.swift; sourceTree = "<group>"; };
		A62F2C80294E8C6800656643 /* FeedViewController.swift */ = {isa = PBXFileReference; lastKnownFileType = sourcecode.swift; path = FeedViewController.swift; sourceTree = "<group>"; };
		A62F2C82294E92A700656643 /* FeedImageCell.swift */ = {isa = PBXFileReference; lastKnownFileType = sourcecode.swift; path = FeedImageCell.swift; sourceTree = "<group>"; };
		A62F2C84294EAC5500656643 /* UIView+Shimmering.swift */ = {isa = PBXFileReference; lastKnownFileType = sourcecode.swift; path = "UIView+Shimmering.swift"; sourceTree = "<group>"; };
		A68AB3422954AF9F0064CCB4 /* ErrorView.swift */ = {isa = PBXFileReference; lastKnownFileType = sourcecode.swift; path = ErrorView.swift; sourceTree = "<group>"; };
		A68F2553293F89CF00A25A63 /* EssentialFeedAPIEndToEndTests.xctest */ = {isa = PBXFileReference; explicitFileType = wrapper.cfbundle; includeInIndex = 0; path = EssentialFeedAPIEndToEndTests.xctest; sourceTree = BUILT_PRODUCTS_DIR; };
		A68F2555293F89CF00A25A63 /* EssentialFeedAPIEndToEndTests.swift */ = {isa = PBXFileReference; lastKnownFileType = sourcecode.swift; path = EssentialFeedAPIEndToEndTests.swift; sourceTree = "<group>"; };
		A69355AA294FD62100D241C7 /* UIImage+TestHelpers.swift */ = {isa = PBXFileReference; lastKnownFileType = sourcecode.swift; path = "UIImage+TestHelpers.swift"; sourceTree = "<group>"; };
		A69355AC294FD69100D241C7 /* UIRefreshControl+TestHelpers.swift */ = {isa = PBXFileReference; lastKnownFileType = sourcecode.swift; path = "UIRefreshControl+TestHelpers.swift"; sourceTree = "<group>"; };
		A69355AE294FD70A00D241C7 /* UIButton+TestHelpers.swift */ = {isa = PBXFileReference; lastKnownFileType = sourcecode.swift; path = "UIButton+TestHelpers.swift"; sourceTree = "<group>"; };
		A69355B0294FD74E00D241C7 /* UIControl+TestHelpers.swift */ = {isa = PBXFileReference; lastKnownFileType = sourcecode.swift; path = "UIControl+TestHelpers.swift"; sourceTree = "<group>"; };
		A69355B6294FD87B00D241C7 /* FeedViewController+TestHelpers.swift */ = {isa = PBXFileReference; lastKnownFileType = sourcecode.swift; path = "FeedViewController+TestHelpers.swift"; sourceTree = "<group>"; };
		A69355B8294FD8CB00D241C7 /* FeedImageCell+TestHelpers.swift */ = {isa = PBXFileReference; lastKnownFileType = sourcecode.swift; path = "FeedImageCell+TestHelpers.swift"; sourceTree = "<group>"; };
		A69355BA294FD91800D241C7 /* FeedUIIntegrationTests+LoaderSpy.swift */ = {isa = PBXFileReference; lastKnownFileType = sourcecode.swift; path = "FeedUIIntegrationTests+LoaderSpy.swift"; sourceTree = "<group>"; };
		A69355BC294FD96000D241C7 /* FeedUIIntegrationTests+Assertions.swift */ = {isa = PBXFileReference; lastKnownFileType = sourcecode.swift; path = "FeedUIIntegrationTests+Assertions.swift"; sourceTree = "<group>"; };
		A69355C2294FDA6500D241C7 /* FeedImageDataLoader.swift */ = {isa = PBXFileReference; lastKnownFileType = sourcecode.swift; path = FeedImageDataLoader.swift; sourceTree = "<group>"; };
		A69355C6294FE1BE00D241C7 /* FeedImageCellController.swift */ = {isa = PBXFileReference; lastKnownFileType = sourcecode.swift; path = FeedImageCellController.swift; sourceTree = "<group>"; };
		A69355C9294FE62600D241C7 /* FeedUIComposer.swift */ = {isa = PBXFileReference; lastKnownFileType = sourcecode.swift; path = FeedUIComposer.swift; sourceTree = "<group>"; };
		A69355CE294FF97B00D241C7 /* FeedImageViewModel.swift */ = {isa = PBXFileReference; lastKnownFileType = sourcecode.swift; path = FeedImageViewModel.swift; sourceTree = "<group>"; };
		A69355D1295073C700D241C7 /* FeedPresenter.swift */ = {isa = PBXFileReference; lastKnownFileType = sourcecode.swift; path = FeedPresenter.swift; sourceTree = "<group>"; };
		A69355D32950816600D241C7 /* FeedImagePresenter.swift */ = {isa = PBXFileReference; lastKnownFileType = sourcecode.swift; path = FeedImagePresenter.swift; sourceTree = "<group>"; };
		A69355D52950830500D241C7 /* FeedLoadingViewModel.swift */ = {isa = PBXFileReference; lastKnownFileType = sourcecode.swift; path = FeedLoadingViewModel.swift; sourceTree = "<group>"; };
		A69355D72950832A00D241C7 /* FeedViewModel.swift */ = {isa = PBXFileReference; lastKnownFileType = sourcecode.swift; path = FeedViewModel.swift; sourceTree = "<group>"; };
		A69355DE2950A5AB00D241C7 /* Feed.storyboard */ = {isa = PBXFileReference; lastKnownFileType = file.storyboard; path = Feed.storyboard; sourceTree = "<group>"; };
		A69355E02950A5B900D241C7 /* Feed.xcassets */ = {isa = PBXFileReference; lastKnownFileType = folder.assetcatalog; path = Feed.xcassets; sourceTree = "<group>"; };
		A69355E22950B31500D241C7 /* UITableView+Dequeueing.swift */ = {isa = PBXFileReference; lastKnownFileType = sourcecode.swift; path = "UITableView+Dequeueing.swift"; sourceTree = "<group>"; };
		A69355E42950C15600D241C7 /* UIImageView+Animations.swift */ = {isa = PBXFileReference; lastKnownFileType = sourcecode.swift; path = "UIImageView+Animations.swift"; sourceTree = "<group>"; };
		A69355E82950CA6100D241C7 /* FeedUIIntegrationTests+Localization.swift */ = {isa = PBXFileReference; lastKnownFileType = sourcecode.swift; path = "FeedUIIntegrationTests+Localization.swift"; sourceTree = "<group>"; };
		A69355EB2950CBD000D241C7 /* en */ = {isa = PBXFileReference; lastKnownFileType = text.plist.strings; name = en; path = en.lproj/Feed.strings; sourceTree = "<group>"; };
		A69355ED2950CC1C00D241C7 /* pt-BR */ = {isa = PBXFileReference; lastKnownFileType = text.plist.strings; name = "pt-BR"; path = "pt-BR.lproj/Feed.strings"; sourceTree = "<group>"; };
		A69355EE2950CC5C00D241C7 /* el */ = {isa = PBXFileReference; lastKnownFileType = text.plist.strings; name = el; path = el.lproj/Feed.strings; sourceTree = "<group>"; };
		A69355F02950CCEE00D241C7 /* FeedLocalizationTests.swift */ = {isa = PBXFileReference; lastKnownFileType = sourcecode.swift; path = FeedLocalizationTests.swift; sourceTree = "<group>"; };
		A69355F22950E9D500D241C7 /* MainQueueDispatchDecorator.swift */ = {isa = PBXFileReference; lastKnownFileType = sourcecode.swift; path = MainQueueDispatchDecorator.swift; sourceTree = "<group>"; };
		A69355F42950EAC400D241C7 /* WeakRefVirtualProxy.swift */ = {isa = PBXFileReference; lastKnownFileType = sourcecode.swift; path = WeakRefVirtualProxy.swift; sourceTree = "<group>"; };
		A69355F62950EB1600D241C7 /* FeedImageDataLoaderPresentationAdapter.swift */ = {isa = PBXFileReference; lastKnownFileType = sourcecode.swift; path = FeedImageDataLoaderPresentationAdapter.swift; sourceTree = "<group>"; };
		A69355F82950EB6100D241C7 /* FeedLoaderPresentationAdapter.swift */ = {isa = PBXFileReference; lastKnownFileType = sourcecode.swift; path = FeedLoaderPresentationAdapter.swift; sourceTree = "<group>"; };
		A69355FA2950EB9C00D241C7 /* FeedViewAdapter.swift */ = {isa = PBXFileReference; lastKnownFileType = sourcecode.swift; path = FeedViewAdapter.swift; sourceTree = "<group>"; };
		A6D5FC512943999600DCF17F /* CacheFeedUseCaseTests.swift */ = {isa = PBXFileReference; lastKnownFileType = sourcecode.swift; path = CacheFeedUseCaseTests.swift; sourceTree = "<group>"; };
		A6D5FC54294686D700DCF17F /* LocalFeedLoader.swift */ = {isa = PBXFileReference; lastKnownFileType = sourcecode.swift; path = LocalFeedLoader.swift; sourceTree = "<group>"; };
		A6D5FC562946877900DCF17F /* FeedStore.swift */ = {isa = PBXFileReference; lastKnownFileType = sourcecode.swift; path = FeedStore.swift; sourceTree = "<group>"; };
		A6D5FC5829469BCD00DCF17F /* RemoteFeedItem.swift */ = {isa = PBXFileReference; lastKnownFileType = sourcecode.swift; path = RemoteFeedItem.swift; sourceTree = "<group>"; };
		A6D5FC5A29469C0400DCF17F /* LocalFeedImage.swift */ = {isa = PBXFileReference; lastKnownFileType = sourcecode.swift; path = LocalFeedImage.swift; sourceTree = "<group>"; };
		A6D5FC5C2947A8F000DCF17F /* LoadFeedFromCacheUseCaseTests.swift */ = {isa = PBXFileReference; lastKnownFileType = sourcecode.swift; path = LoadFeedFromCacheUseCaseTests.swift; sourceTree = "<group>"; };
		A6D5FC5F2947AA4A00DCF17F /* FeedStoreSpy.swift */ = {isa = PBXFileReference; lastKnownFileType = sourcecode.swift; path = FeedStoreSpy.swift; sourceTree = "<group>"; };
		A6D5FC612947D0AF00DCF17F /* ValidateFeedCacheUseCaseTests.swift */ = {isa = PBXFileReference; lastKnownFileType = sourcecode.swift; path = ValidateFeedCacheUseCaseTests.swift; sourceTree = "<group>"; };
		A6D5FC632947D4C400DCF17F /* FeedCacheTestHelpers.swift */ = {isa = PBXFileReference; lastKnownFileType = sourcecode.swift; path = FeedCacheTestHelpers.swift; sourceTree = "<group>"; };
		A6D5FC652947D57B00DCF17F /* SharedTestHelpers.swift */ = {isa = PBXFileReference; lastKnownFileType = sourcecode.swift; path = SharedTestHelpers.swift; sourceTree = "<group>"; };
		A6D5FC672947E75C00DCF17F /* FeedCachePolicy.swift */ = {isa = PBXFileReference; lastKnownFileType = sourcecode.swift; path = FeedCachePolicy.swift; sourceTree = "<group>"; };
		A6D5FC6D29493EBC00DCF17F /* FeedStoreSpecs.swift */ = {isa = PBXFileReference; lastKnownFileType = sourcecode.swift; path = FeedStoreSpecs.swift; sourceTree = "<group>"; };
		A6D5FC6F29493FF800DCF17F /* XCTestCase+FeedStoreSpecs.swift */ = {isa = PBXFileReference; lastKnownFileType = sourcecode.swift; path = "XCTestCase+FeedStoreSpecs.swift"; sourceTree = "<group>"; };
		A6D5FC712949431600DCF17F /* XCTestCase+FailableRetrieveFeedStoreSpecs.swift */ = {isa = PBXFileReference; lastKnownFileType = sourcecode.swift; path = "XCTestCase+FailableRetrieveFeedStoreSpecs.swift"; sourceTree = "<group>"; };
		A6D5FC732949439F00DCF17F /* XCTestCase+FailableInsertFeedStoreSpecs.swift */ = {isa = PBXFileReference; lastKnownFileType = sourcecode.swift; path = "XCTestCase+FailableInsertFeedStoreSpecs.swift"; sourceTree = "<group>"; };
		A6D5FC752949440800DCF17F /* XCTestCase+FailableDeleteFeedStoreSpecs.swift */ = {isa = PBXFileReference; lastKnownFileType = sourcecode.swift; path = "XCTestCase+FailableDeleteFeedStoreSpecs.swift"; sourceTree = "<group>"; };
		A6D5FC782949FCFB00DCF17F /* CoreDataFeedStoreTests.swift */ = {isa = PBXFileReference; lastKnownFileType = sourcecode.swift; path = CoreDataFeedStoreTests.swift; sourceTree = "<group>"; };
		A6D5FC7A2949FE2600DCF17F /* CoreDataFeedStore.swift */ = {isa = PBXFileReference; lastKnownFileType = sourcecode.swift; path = CoreDataFeedStore.swift; sourceTree = "<group>"; };
		A6D5FC7D2949FF6E00DCF17F /* FeedStore.xcdatamodel */ = {isa = PBXFileReference; lastKnownFileType = wrapper.xcdatamodel; path = FeedStore.xcdatamodel; sourceTree = "<group>"; };
		A6D5FC82294A111C00DCF17F /* CoreDataHelpers.swift */ = {isa = PBXFileReference; lastKnownFileType = sourcecode.swift; path = CoreDataHelpers.swift; sourceTree = "<group>"; };
		A6D5FC84294A119400DCF17F /* ManagedCache.swift */ = {isa = PBXFileReference; lastKnownFileType = sourcecode.swift; path = ManagedCache.swift; sourceTree = "<group>"; };
		A6D5FC86294A11B300DCF17F /* ManagedFeedImage.swift */ = {isa = PBXFileReference; lastKnownFileType = sourcecode.swift; path = ManagedFeedImage.swift; sourceTree = "<group>"; };
		A6ECF348294A28DF00D86A84 /* EssentialFeedCacheIntegrationTests.xctest */ = {isa = PBXFileReference; explicitFileType = wrapper.cfbundle; includeInIndex = 0; path = EssentialFeedCacheIntegrationTests.xctest; sourceTree = BUILT_PRODUCTS_DIR; };
		A6ECF34A294A28DF00D86A84 /* EssentialFeedCacheIntegrationTests.swift */ = {isa = PBXFileReference; lastKnownFileType = sourcecode.swift; path = EssentialFeedCacheIntegrationTests.swift; sourceTree = "<group>"; };
		C82101E5293AC2C6007A696A /* RemoteFeedLoader.swift */ = {isa = PBXFileReference; lastKnownFileType = sourcecode.swift; path = RemoteFeedLoader.swift; sourceTree = "<group>"; };
		C82101E7293D3BFA007A696A /* HTTPClient.swift */ = {isa = PBXFileReference; lastKnownFileType = sourcecode.swift; path = HTTPClient.swift; sourceTree = "<group>"; };
		C82101E9293D3C31007A696A /* FeedItemsMapper.swift */ = {isa = PBXFileReference; lastKnownFileType = sourcecode.swift; path = FeedItemsMapper.swift; sourceTree = "<group>"; };
		C82101EC293D5A44007A696A /* URLSessionHTTPClientTests.swift */ = {isa = PBXFileReference; lastKnownFileType = sourcecode.swift; path = URLSessionHTTPClientTests.swift; sourceTree = "<group>"; };
		C82649E8293DFD2B00823ACF /* XCTestCase+MemoryLeakTracking.swift */ = {isa = PBXFileReference; lastKnownFileType = sourcecode.swift; path = "XCTestCase+MemoryLeakTracking.swift"; sourceTree = "<group>"; };
		C832DB10293F4DE900D8F708 /* URLSessionHTTPClient.swift */ = {isa = PBXFileReference; lastKnownFileType = sourcecode.swift; path = URLSessionHTTPClient.swift; sourceTree = "<group>"; };
		C89A7554293A567500998336 /* EssentialFeed.framework */ = {isa = PBXFileReference; explicitFileType = wrapper.framework; includeInIndex = 0; path = EssentialFeed.framework; sourceTree = BUILT_PRODUCTS_DIR; };
		C89A7557293A567500998336 /* EssentialFeed.h */ = {isa = PBXFileReference; lastKnownFileType = sourcecode.c.h; path = EssentialFeed.h; sourceTree = "<group>"; };
		C89A7558293A567500998336 /* EssentialFeed.docc */ = {isa = PBXFileReference; lastKnownFileType = folder.documentationcatalog; path = EssentialFeed.docc; sourceTree = "<group>"; };
		C89A755E293A567500998336 /* EssentialFeedTests.xctest */ = {isa = PBXFileReference; explicitFileType = wrapper.cfbundle; includeInIndex = 0; path = EssentialFeedTests.xctest; sourceTree = BUILT_PRODUCTS_DIR; };
		C89A7563293A567500998336 /* LoadFeedFromRemoteUseCaseTests.swift */ = {isa = PBXFileReference; lastKnownFileType = sourcecode.swift; path = LoadFeedFromRemoteUseCaseTests.swift; sourceTree = "<group>"; };
		C89A756E293A56A000998336 /* FeedImage.swift */ = {isa = PBXFileReference; lastKnownFileType = sourcecode.swift; path = FeedImage.swift; sourceTree = "<group>"; };
		C89A7570293A574C00998336 /* FeedLoader.swift */ = {isa = PBXFileReference; lastKnownFileType = sourcecode.swift; path = FeedLoader.swift; sourceTree = "<group>"; };
/* End PBXFileReference section */

/* Begin PBXFrameworksBuildPhase section */
		A62F2C5E294E710600656643 /* Frameworks */ = {
			isa = PBXFrameworksBuildPhase;
			buildActionMask = 2147483647;
			files = (
				A62F2C7A294E7C2C00656643 /* EssentialFeed.framework in Frameworks */,
			);
			runOnlyForDeploymentPostprocessing = 0;
		};
		A62F2C65294E710700656643 /* Frameworks */ = {
			isa = PBXFrameworksBuildPhase;
			buildActionMask = 2147483647;
			files = (
				A62F2C69294E710800656643 /* EssentialFeediOS.framework in Frameworks */,
			);
			runOnlyForDeploymentPostprocessing = 0;
		};
		A68F2550293F89CF00A25A63 /* Frameworks */ = {
			isa = PBXFrameworksBuildPhase;
			buildActionMask = 2147483647;
			files = (
				A68F2557293F89CF00A25A63 /* EssentialFeed.framework in Frameworks */,
			);
			runOnlyForDeploymentPostprocessing = 0;
		};
		A6ECF345294A28DF00D86A84 /* Frameworks */ = {
			isa = PBXFrameworksBuildPhase;
			buildActionMask = 2147483647;
			files = (
				A6ECF34C294A28DF00D86A84 /* EssentialFeed.framework in Frameworks */,
			);
			runOnlyForDeploymentPostprocessing = 0;
		};
		C89A7551293A567500998336 /* Frameworks */ = {
			isa = PBXFrameworksBuildPhase;
			buildActionMask = 2147483647;
			files = (
			);
			runOnlyForDeploymentPostprocessing = 0;
		};
		C89A755B293A567500998336 /* Frameworks */ = {
			isa = PBXFrameworksBuildPhase;
			buildActionMask = 2147483647;
			files = (
				C89A755F293A567500998336 /* EssentialFeed.framework in Frameworks */,
			);
			runOnlyForDeploymentPostprocessing = 0;
		};
/* End PBXFrameworksBuildPhase section */

/* Begin PBXGroup section */
		A62F2C62294E710700656643 /* EssentialFeediOS */ = {
			isa = PBXGroup;
			children = (
				A69355D02950736900D241C7 /* Feed Presentation */,
				A69355C1294FDA4500D241C7 /* Feed Image Loader */,
				A62F2C63294E710700656643 /* EssentialFeediOS.h */,
				A69355BF294FD9DB00D241C7 /* Feed UI */,
			);
			path = EssentialFeediOS;
			sourceTree = "<group>";
		};
		A62F2C6C294E710800656643 /* EssentialFeediOSTests */ = {
			isa = PBXGroup;
			children = (
				A69355EF2950CCD900D241C7 /* Feed Presentation */,
				A69355C0294FD9FE00D241C7 /* Feed UI */,
				A62F2C76294E79BF00656643 /* EssentialFeediOSTests-Bridging-Header.h */,
			);
			path = EssentialFeediOSTests;
			sourceTree = "<group>";
		};
		A62F2C79294E7C2C00656643 /* Frameworks */ = {
			isa = PBXGroup;
			children = (
			);
			name = Frameworks;
			sourceTree = "<group>";
		};
		A68AB3442954B2B70064CCB4 /* Helpers */ = {
			isa = PBXGroup;
			children = (
				A62F2C84294EAC5500656643 /* UIView+Shimmering.swift */,
				A69355E22950B31500D241C7 /* UITableView+Dequeueing.swift */,
				A69355E42950C15600D241C7 /* UIImageView+Animations.swift */,
			);
			path = Helpers;
			sourceTree = "<group>";
		};
		A68F2554293F89CF00A25A63 /* EssentialFeedAPIEndToEndTests */ = {
			isa = PBXGroup;
			children = (
				A68F2555293F89CF00A25A63 /* EssentialFeedAPIEndToEndTests.swift */,
			);
			path = EssentialFeedAPIEndToEndTests;
			sourceTree = "<group>";
		};
		A69355B2294FD7C200D241C7 /* Controllers */ = {
			isa = PBXGroup;
			children = (
				A62F2C80294E8C6800656643 /* FeedViewController.swift */,
				A69355C6294FE1BE00D241C7 /* FeedImageCellController.swift */,
			);
			path = Controllers;
			sourceTree = "<group>";
		};
		A69355B3294FD7D400D241C7 /* Views */ = {
			isa = PBXGroup;
			children = (
				A62F2C82294E92A700656643 /* FeedImageCell.swift */,
				A68AB3442954B2B70064CCB4 /* Helpers */,
				A69355DE2950A5AB00D241C7 /* Feed.storyboard */,
				A69355E02950A5B900D241C7 /* Feed.xcassets */,
				A68AB3422954AF9F0064CCB4 /* ErrorView.swift */,
			);
			path = Views;
			sourceTree = "<group>";
		};
		A69355B5294FD86700D241C7 /* Helpers */ = {
			isa = PBXGroup;
			children = (
				A69355AA294FD62100D241C7 /* UIImage+TestHelpers.swift */,
				A69355AC294FD69100D241C7 /* UIRefreshControl+TestHelpers.swift */,
				A69355AE294FD70A00D241C7 /* UIButton+TestHelpers.swift */,
				A69355B0294FD74E00D241C7 /* UIControl+TestHelpers.swift */,
				A69355B6294FD87B00D241C7 /* FeedViewController+TestHelpers.swift */,
				A69355B8294FD8CB00D241C7 /* FeedImageCell+TestHelpers.swift */,
				A69355BA294FD91800D241C7 /* FeedUIIntegrationTests+LoaderSpy.swift */,
				A69355BC294FD96000D241C7 /* FeedUIIntegrationTests+Assertions.swift */,
				A69355E82950CA6100D241C7 /* FeedUIIntegrationTests+Localization.swift */,
			);
			path = Helpers;
			sourceTree = "<group>";
		};
		A69355BF294FD9DB00D241C7 /* Feed UI */ = {
			isa = PBXGroup;
			children = (
				A69355C8294FE61200D241C7 /* Composers */,
				A69355B2294FD7C200D241C7 /* Controllers */,
				A69355B3294FD7D400D241C7 /* Views */,
			);
			path = "Feed UI";
			sourceTree = "<group>";
		};
		A69355C0294FD9FE00D241C7 /* Feed UI */ = {
			isa = PBXGroup;
			children = (
				A69355B5294FD86700D241C7 /* Helpers */,
				A62F2C77294E79C000656643 /* FeedUIIntegrationTests.swift */,
			);
			path = "Feed UI";
			sourceTree = "<group>";
		};
		A69355C1294FDA4500D241C7 /* Feed Image Loader */ = {
			isa = PBXGroup;
			children = (
				A69355C2294FDA6500D241C7 /* FeedImageDataLoader.swift */,
			);
			path = "Feed Image Loader";
			sourceTree = "<group>";
		};
		A69355C8294FE61200D241C7 /* Composers */ = {
			isa = PBXGroup;
			children = (
				A69355C9294FE62600D241C7 /* FeedUIComposer.swift */,
				A69355F22950E9D500D241C7 /* MainQueueDispatchDecorator.swift */,
				A69355F42950EAC400D241C7 /* WeakRefVirtualProxy.swift */,
				A69355F62950EB1600D241C7 /* FeedImageDataLoaderPresentationAdapter.swift */,
				A69355F82950EB6100D241C7 /* FeedLoaderPresentationAdapter.swift */,
				A69355FA2950EB9C00D241C7 /* FeedViewAdapter.swift */,
			);
			path = Composers;
			sourceTree = "<group>";
		};
		A69355D02950736900D241C7 /* Feed Presentation */ = {
			isa = PBXGroup;
			children = (
				A69355D1295073C700D241C7 /* FeedPresenter.swift */,
				A69355D32950816600D241C7 /* FeedImagePresenter.swift */,
				A69355D92950836200D241C7 /* ViewModels */,
				A69355EC2950CBD000D241C7 /* Feed.strings */,
			);
			path = "Feed Presentation";
			sourceTree = "<group>";
		};
		A69355D92950836200D241C7 /* ViewModels */ = {
			isa = PBXGroup;
			children = (
				A69355CE294FF97B00D241C7 /* FeedImageViewModel.swift */,
				A69355D52950830500D241C7 /* FeedLoadingViewModel.swift */,
				A69355D72950832A00D241C7 /* FeedViewModel.swift */,
			);
			path = ViewModels;
			sourceTree = "<group>";
		};
		A69355EF2950CCD900D241C7 /* Feed Presentation */ = {
			isa = PBXGroup;
			children = (
				A69355F02950CCEE00D241C7 /* FeedLocalizationTests.swift */,
			);
			path = "Feed Presentation";
			sourceTree = "<group>";
		};
		A6D5FC502943997100DCF17F /* FeedCache */ = {
			isa = PBXGroup;
			children = (
				A6D5FC5E2947AA3B00DCF17F /* Helpers */,
				A6D5FC772949444500DCF17F /* FeedStoreSpecs */,
				A6D5FC5C2947A8F000DCF17F /* LoadFeedFromCacheUseCaseTests.swift */,
				A6D5FC512943999600DCF17F /* CacheFeedUseCaseTests.swift */,
				A6D5FC612947D0AF00DCF17F /* ValidateFeedCacheUseCaseTests.swift */,
				A6D5FC782949FCFB00DCF17F /* CoreDataFeedStoreTests.swift */,
			);
			path = FeedCache;
			sourceTree = "<group>";
		};
		A6D5FC53294686C100DCF17F /* FeedCache */ = {
			isa = PBXGroup;
			children = (
				A6D5FC54294686D700DCF17F /* LocalFeedLoader.swift */,
				A6D5FC562946877900DCF17F /* FeedStore.swift */,
				A6D5FC5A29469C0400DCF17F /* LocalFeedImage.swift */,
				A6D5FC672947E75C00DCF17F /* FeedCachePolicy.swift */,
				A6D5FC7F294A106B00DCF17F /* Infrastructure */,
			);
			path = FeedCache;
			sourceTree = "<group>";
		};
		A6D5FC5E2947AA3B00DCF17F /* Helpers */ = {
			isa = PBXGroup;
			children = (
				A6D5FC5F2947AA4A00DCF17F /* FeedStoreSpy.swift */,
				A6D5FC632947D4C400DCF17F /* FeedCacheTestHelpers.swift */,
			);
			path = Helpers;
			sourceTree = "<group>";
		};
		A6D5FC772949444500DCF17F /* FeedStoreSpecs */ = {
			isa = PBXGroup;
			children = (
				A6D5FC6D29493EBC00DCF17F /* FeedStoreSpecs.swift */,
				A6D5FC6F29493FF800DCF17F /* XCTestCase+FeedStoreSpecs.swift */,
				A6D5FC712949431600DCF17F /* XCTestCase+FailableRetrieveFeedStoreSpecs.swift */,
				A6D5FC732949439F00DCF17F /* XCTestCase+FailableInsertFeedStoreSpecs.swift */,
				A6D5FC752949440800DCF17F /* XCTestCase+FailableDeleteFeedStoreSpecs.swift */,
			);
			path = FeedStoreSpecs;
			sourceTree = "<group>";
		};
		A6D5FC7F294A106B00DCF17F /* Infrastructure */ = {
			isa = PBXGroup;
			children = (
				A6D5FC80294A108500DCF17F /* CoreData */,
			);
			path = Infrastructure;
			sourceTree = "<group>";
		};
		A6D5FC80294A108500DCF17F /* CoreData */ = {
			isa = PBXGroup;
			children = (
				A6D5FC7A2949FE2600DCF17F /* CoreDataFeedStore.swift */,
				A6D5FC7C2949FF6E00DCF17F /* FeedStore.xcdatamodeld */,
				A6D5FC82294A111C00DCF17F /* CoreDataHelpers.swift */,
				A6D5FC84294A119400DCF17F /* ManagedCache.swift */,
				A6D5FC86294A11B300DCF17F /* ManagedFeedImage.swift */,
			);
			path = CoreData;
			sourceTree = "<group>";
		};
		A6ECF349294A28DF00D86A84 /* EssentialFeedCacheIntegrationTests */ = {
			isa = PBXGroup;
			children = (
				A6ECF34A294A28DF00D86A84 /* EssentialFeedCacheIntegrationTests.swift */,
			);
			path = EssentialFeedCacheIntegrationTests;
			sourceTree = "<group>";
		};
		C82101E4293AC2AD007A696A /* FeedAPI */ = {
			isa = PBXGroup;
			children = (
				C82101E5293AC2C6007A696A /* RemoteFeedLoader.swift */,
				C82101E7293D3BFA007A696A /* HTTPClient.swift */,
				C82101E9293D3C31007A696A /* FeedItemsMapper.swift */,
				C832DB10293F4DE900D8F708 /* URLSessionHTTPClient.swift */,
				A6D5FC5829469BCD00DCF17F /* RemoteFeedItem.swift */,
			);
			path = FeedAPI;
			sourceTree = "<group>";
		};
		C82101EB293D4832007A696A /* FeedAPI */ = {
			isa = PBXGroup;
			children = (
				C89A7563293A567500998336 /* LoadFeedFromRemoteUseCaseTests.swift */,
				C82101EC293D5A44007A696A /* URLSessionHTTPClientTests.swift */,
			);
			path = FeedAPI;
			sourceTree = "<group>";
		};
		C82649E7293DFD1700823ACF /* Helpers */ = {
			isa = PBXGroup;
			children = (
				C82649E8293DFD2B00823ACF /* XCTestCase+MemoryLeakTracking.swift */,
				A6D5FC652947D57B00DCF17F /* SharedTestHelpers.swift */,
			);
			path = Helpers;
			sourceTree = "<group>";
		};
		C89A754A293A567500998336 = {
			isa = PBXGroup;
			children = (
				C89A7556293A567500998336 /* EssentialFeed */,
				C89A7562293A567500998336 /* EssentialFeedTests */,
				A68F2554293F89CF00A25A63 /* EssentialFeedAPIEndToEndTests */,
				A6ECF349294A28DF00D86A84 /* EssentialFeedCacheIntegrationTests */,
				A62F2C62294E710700656643 /* EssentialFeediOS */,
				A62F2C6C294E710800656643 /* EssentialFeediOSTests */,
				C89A7555293A567500998336 /* Products */,
				A62F2C79294E7C2C00656643 /* Frameworks */,
			);
			sourceTree = "<group>";
		};
		C89A7555293A567500998336 /* Products */ = {
			isa = PBXGroup;
			children = (
				C89A7554293A567500998336 /* EssentialFeed.framework */,
				C89A755E293A567500998336 /* EssentialFeedTests.xctest */,
				A68F2553293F89CF00A25A63 /* EssentialFeedAPIEndToEndTests.xctest */,
				A6ECF348294A28DF00D86A84 /* EssentialFeedCacheIntegrationTests.xctest */,
				A62F2C61294E710600656643 /* EssentialFeediOS.framework */,
				A62F2C68294E710800656643 /* EssentialFeediOSTests.xctest */,
			);
			name = Products;
			sourceTree = "<group>";
		};
		C89A7556293A567500998336 /* EssentialFeed */ = {
			isa = PBXGroup;
			children = (
				C89A7572293A587E00998336 /* FeedFeature */,
				C82101E4293AC2AD007A696A /* FeedAPI */,
				A6D5FC53294686C100DCF17F /* FeedCache */,
				C89A7558293A567500998336 /* EssentialFeed.docc */,
				C89A7557293A567500998336 /* EssentialFeed.h */,
			);
			path = EssentialFeed;
			sourceTree = "<group>";
		};
		C89A7562293A567500998336 /* EssentialFeedTests */ = {
			isa = PBXGroup;
			children = (
				C82101EB293D4832007A696A /* FeedAPI */,
				A6D5FC502943997100DCF17F /* FeedCache */,
				C82649E7293DFD1700823ACF /* Helpers */,
			);
			path = EssentialFeedTests;
			sourceTree = "<group>";
		};
		C89A7572293A587E00998336 /* FeedFeature */ = {
			isa = PBXGroup;
			children = (
				C89A756E293A56A000998336 /* FeedImage.swift */,
				C89A7570293A574C00998336 /* FeedLoader.swift */,
			);
			path = FeedFeature;
			sourceTree = "<group>";
		};
/* End PBXGroup section */

/* Begin PBXHeadersBuildPhase section */
		A62F2C5C294E710600656643 /* Headers */ = {
			isa = PBXHeadersBuildPhase;
			buildActionMask = 2147483647;
			files = (
				A62F2C6F294E710800656643 /* EssentialFeediOS.h in Headers */,
			);
			runOnlyForDeploymentPostprocessing = 0;
		};
		C89A754F293A567500998336 /* Headers */ = {
			isa = PBXHeadersBuildPhase;
			buildActionMask = 2147483647;
			files = (
				C89A7565293A567500998336 /* EssentialFeed.h in Headers */,
			);
			runOnlyForDeploymentPostprocessing = 0;
		};
/* End PBXHeadersBuildPhase section */

/* Begin PBXNativeTarget section */
		A62F2C60294E710600656643 /* EssentialFeediOS */ = {
			isa = PBXNativeTarget;
			buildConfigurationList = A62F2C70294E710900656643 /* Build configuration list for PBXNativeTarget "EssentialFeediOS" */;
			buildPhases = (
				A62F2C5C294E710600656643 /* Headers */,
				A62F2C5D294E710600656643 /* Sources */,
				A62F2C5E294E710600656643 /* Frameworks */,
				A62F2C5F294E710600656643 /* Resources */,
				A62F2C7E294E7C2D00656643 /* Embed Frameworks */,
			);
			buildRules = (
			);
			dependencies = (
				A62F2C7D294E7C2C00656643 /* PBXTargetDependency */,
			);
			name = EssentialFeediOS;
			productName = EssentialFeediOS;
			productReference = A62F2C61294E710600656643 /* EssentialFeediOS.framework */;
			productType = "com.apple.product-type.framework";
		};
		A62F2C67294E710700656643 /* EssentialFeediOSTests */ = {
			isa = PBXNativeTarget;
			buildConfigurationList = A62F2C73294E710900656643 /* Build configuration list for PBXNativeTarget "EssentialFeediOSTests" */;
			buildPhases = (
				A62F2C64294E710700656643 /* Sources */,
				A62F2C65294E710700656643 /* Frameworks */,
				A62F2C66294E710700656643 /* Resources */,
			);
			buildRules = (
			);
			dependencies = (
				A62F2C6B294E710800656643 /* PBXTargetDependency */,
			);
			name = EssentialFeediOSTests;
			productName = EssentialFeediOSTests;
			productReference = A62F2C68294E710800656643 /* EssentialFeediOSTests.xctest */;
			productType = "com.apple.product-type.bundle.unit-test";
		};
		A68F2552293F89CF00A25A63 /* EssentialFeedAPIEndToEndTests */ = {
			isa = PBXNativeTarget;
			buildConfigurationList = A68F255C293F89CF00A25A63 /* Build configuration list for PBXNativeTarget "EssentialFeedAPIEndToEndTests" */;
			buildPhases = (
				A68F254F293F89CF00A25A63 /* Sources */,
				A68F2550293F89CF00A25A63 /* Frameworks */,
				A68F2551293F89CF00A25A63 /* Resources */,
			);
			buildRules = (
			);
			dependencies = (
				A68F2559293F89CF00A25A63 /* PBXTargetDependency */,
			);
			name = EssentialFeedAPIEndToEndTests;
			productName = EssentialFeedAPIEndToEndTests;
			productReference = A68F2553293F89CF00A25A63 /* EssentialFeedAPIEndToEndTests.xctest */;
			productType = "com.apple.product-type.bundle.unit-test";
		};
		A6ECF347294A28DF00D86A84 /* EssentialFeedCacheIntegrationTests */ = {
			isa = PBXNativeTarget;
			buildConfigurationList = A6ECF351294A28DF00D86A84 /* Build configuration list for PBXNativeTarget "EssentialFeedCacheIntegrationTests" */;
			buildPhases = (
				A6ECF344294A28DF00D86A84 /* Sources */,
				A6ECF345294A28DF00D86A84 /* Frameworks */,
				A6ECF346294A28DF00D86A84 /* Resources */,
			);
			buildRules = (
			);
			dependencies = (
				A6ECF34E294A28DF00D86A84 /* PBXTargetDependency */,
			);
			name = EssentialFeedCacheIntegrationTests;
			productName = EssentialFeedCacheIntegrationTests;
			productReference = A6ECF348294A28DF00D86A84 /* EssentialFeedCacheIntegrationTests.xctest */;
			productType = "com.apple.product-type.bundle.unit-test";
		};
		C89A7553293A567500998336 /* EssentialFeed */ = {
			isa = PBXNativeTarget;
			buildConfigurationList = C89A7568293A567500998336 /* Build configuration list for PBXNativeTarget "EssentialFeed" */;
			buildPhases = (
				C89A754F293A567500998336 /* Headers */,
				C89A7550293A567500998336 /* Sources */,
				C89A7551293A567500998336 /* Frameworks */,
				C89A7552293A567500998336 /* Resources */,
			);
			buildRules = (
			);
			dependencies = (
			);
			name = EssentialFeed;
			productName = EssentialFeed;
			productReference = C89A7554293A567500998336 /* EssentialFeed.framework */;
			productType = "com.apple.product-type.framework";
		};
		C89A755D293A567500998336 /* EssentialFeedTests */ = {
			isa = PBXNativeTarget;
			buildConfigurationList = C89A756B293A567500998336 /* Build configuration list for PBXNativeTarget "EssentialFeedTests" */;
			buildPhases = (
				C89A755A293A567500998336 /* Sources */,
				C89A755B293A567500998336 /* Frameworks */,
				C89A755C293A567500998336 /* Resources */,
			);
			buildRules = (
			);
			dependencies = (
				C89A7561293A567500998336 /* PBXTargetDependency */,
			);
			name = EssentialFeedTests;
			productName = EssentialFeedTests;
			productReference = C89A755E293A567500998336 /* EssentialFeedTests.xctest */;
			productType = "com.apple.product-type.bundle.unit-test";
		};
/* End PBXNativeTarget section */

/* Begin PBXProject section */
		C89A754B293A567500998336 /* Project object */ = {
			isa = PBXProject;
			attributes = {
				BuildIndependentTargetsInParallel = 1;
				LastSwiftUpdateCheck = 1410;
				LastUpgradeCheck = 1400;
				TargetAttributes = {
					A62F2C60294E710600656643 = {
						CreatedOnToolsVersion = 14.1;
						LastSwiftMigration = 1410;
					};
					A62F2C67294E710700656643 = {
						CreatedOnToolsVersion = 14.1;
						LastSwiftMigration = 1410;
					};
					A68F2552293F89CF00A25A63 = {
						CreatedOnToolsVersion = 14.1;
					};
					A6ECF347294A28DF00D86A84 = {
						CreatedOnToolsVersion = 14.1;
					};
					C89A7553293A567500998336 = {
						CreatedOnToolsVersion = 14.0.1;
					};
					C89A755D293A567500998336 = {
						CreatedOnToolsVersion = 14.0.1;
					};
				};
			};
			buildConfigurationList = C89A754E293A567500998336 /* Build configuration list for PBXProject "EssentialFeed" */;
			compatibilityVersion = "Xcode 14.0";
			developmentRegion = en;
			hasScannedForEncodings = 0;
			knownRegions = (
				en,
				"pt-BR",
				el,
			);
			mainGroup = C89A754A293A567500998336;
			productRefGroup = C89A7555293A567500998336 /* Products */;
			projectDirPath = "";
			projectRoot = "";
			targets = (
				C89A7553293A567500998336 /* EssentialFeed */,
				C89A755D293A567500998336 /* EssentialFeedTests */,
				A68F2552293F89CF00A25A63 /* EssentialFeedAPIEndToEndTests */,
				A6ECF347294A28DF00D86A84 /* EssentialFeedCacheIntegrationTests */,
				A62F2C60294E710600656643 /* EssentialFeediOS */,
				A62F2C67294E710700656643 /* EssentialFeediOSTests */,
			);
		};
/* End PBXProject section */

/* Begin PBXResourcesBuildPhase section */
		A62F2C5F294E710600656643 /* Resources */ = {
			isa = PBXResourcesBuildPhase;
			buildActionMask = 2147483647;
			files = (
				A69355DF2950A5AB00D241C7 /* Feed.storyboard in Resources */,
				A69355E12950A5B900D241C7 /* Feed.xcassets in Resources */,
				A69355EA2950CBD000D241C7 /* Feed.strings in Resources */,
			);
			runOnlyForDeploymentPostprocessing = 0;
		};
		A62F2C66294E710700656643 /* Resources */ = {
			isa = PBXResourcesBuildPhase;
			buildActionMask = 2147483647;
			files = (
			);
			runOnlyForDeploymentPostprocessing = 0;
		};
		A68F2551293F89CF00A25A63 /* Resources */ = {
			isa = PBXResourcesBuildPhase;
			buildActionMask = 2147483647;
			files = (
			);
			runOnlyForDeploymentPostprocessing = 0;
		};
		A6ECF346294A28DF00D86A84 /* Resources */ = {
			isa = PBXResourcesBuildPhase;
			buildActionMask = 2147483647;
			files = (
			);
			runOnlyForDeploymentPostprocessing = 0;
		};
		C89A7552293A567500998336 /* Resources */ = {
			isa = PBXResourcesBuildPhase;
			buildActionMask = 2147483647;
			files = (
			);
			runOnlyForDeploymentPostprocessing = 0;
		};
		C89A755C293A567500998336 /* Resources */ = {
			isa = PBXResourcesBuildPhase;
			buildActionMask = 2147483647;
			files = (
			);
			runOnlyForDeploymentPostprocessing = 0;
		};
/* End PBXResourcesBuildPhase section */

/* Begin PBXSourcesBuildPhase section */
		A62F2C5D294E710600656643 /* Sources */ = {
			isa = PBXSourcesBuildPhase;
			buildActionMask = 2147483647;
			files = (
				A69355D2295073C700D241C7 /* FeedPresenter.swift in Sources */,
				A69355C3294FDA6500D241C7 /* FeedImageDataLoader.swift in Sources */,
				A68AB3432954AF9F0064CCB4 /* ErrorView.swift in Sources */,
				A69355D82950832A00D241C7 /* FeedViewModel.swift in Sources */,
				A69355E32950B31500D241C7 /* UITableView+Dequeueing.swift in Sources */,
				A69355D62950830500D241C7 /* FeedLoadingViewModel.swift in Sources */,
				A62F2C85294EAC5500656643 /* UIView+Shimmering.swift in Sources */,
				A69355F92950EB6100D241C7 /* FeedLoaderPresentationAdapter.swift in Sources */,
				A69355D42950816600D241C7 /* FeedImagePresenter.swift in Sources */,
				A69355F52950EAC400D241C7 /* WeakRefVirtualProxy.swift in Sources */,
				A69355E52950C15600D241C7 /* UIImageView+Animations.swift in Sources */,
				A69355F32950E9D500D241C7 /* MainQueueDispatchDecorator.swift in Sources */,
				A62F2C81294E8C6800656643 /* FeedViewController.swift in Sources */,
				A62F2C83294E92A700656643 /* FeedImageCell.swift in Sources */,
				A69355F72950EB1600D241C7 /* FeedImageDataLoaderPresentationAdapter.swift in Sources */,
				A69355CF294FF97B00D241C7 /* FeedImageViewModel.swift in Sources */,
				A69355C7294FE1BE00D241C7 /* FeedImageCellController.swift in Sources */,
				A69355FB2950EB9C00D241C7 /* FeedViewAdapter.swift in Sources */,
				A69355CA294FE62600D241C7 /* FeedUIComposer.swift in Sources */,
			);
			runOnlyForDeploymentPostprocessing = 0;
		};
		A62F2C64294E710700656643 /* Sources */ = {
			isa = PBXSourcesBuildPhase;
			buildActionMask = 2147483647;
			files = (
				A62F2C78294E79C000656643 /* FeedUIIntegrationTests.swift in Sources */,
				A69355BD294FD96000D241C7 /* FeedUIIntegrationTests+Assertions.swift in Sources */,
				A69355F12950CCEE00D241C7 /* FeedLocalizationTests.swift in Sources */,
				A69355AF294FD70A00D241C7 /* UIButton+TestHelpers.swift in Sources */,
				A69355AD294FD69100D241C7 /* UIRefreshControl+TestHelpers.swift in Sources */,
				A69355B1294FD74E00D241C7 /* UIControl+TestHelpers.swift in Sources */,
				A69355BB294FD91800D241C7 /* FeedUIIntegrationTests+LoaderSpy.swift in Sources */,
				A69355B7294FD87B00D241C7 /* FeedViewController+TestHelpers.swift in Sources */,
				A62F2C7F294E7D2B00656643 /* XCTestCase+MemoryLeakTracking.swift in Sources */,
				A69355AB294FD62100D241C7 /* UIImage+TestHelpers.swift in Sources */,
				A69355B9294FD8CB00D241C7 /* FeedImageCell+TestHelpers.swift in Sources */,
				A69355E92950CA6100D241C7 /* FeedUIIntegrationTests+Localization.swift in Sources */,
			);
			runOnlyForDeploymentPostprocessing = 0;
		};
		A68F254F293F89CF00A25A63 /* Sources */ = {
			isa = PBXSourcesBuildPhase;
			buildActionMask = 2147483647;
			files = (
				A68F2556293F89CF00A25A63 /* EssentialFeedAPIEndToEndTests.swift in Sources */,
				A68F255D293F967D00A25A63 /* XCTestCase+MemoryLeakTracking.swift in Sources */,
			);
			runOnlyForDeploymentPostprocessing = 0;
		};
		A6ECF344294A28DF00D86A84 /* Sources */ = {
			isa = PBXSourcesBuildPhase;
			buildActionMask = 2147483647;
			files = (
				A6854B3D294A2CFC0034B168 /* SharedTestHelpers.swift in Sources */,
				A6ECF34B294A28DF00D86A84 /* EssentialFeedCacheIntegrationTests.swift in Sources */,
				A6854B3C294A2CEC0034B168 /* FeedCacheTestHelpers.swift in Sources */,
				A6ECF352294A2B2000D86A84 /* XCTestCase+MemoryLeakTracking.swift in Sources */,
			);
			runOnlyForDeploymentPostprocessing = 0;
		};
		C89A7550293A567500998336 /* Sources */ = {
			isa = PBXSourcesBuildPhase;
			buildActionMask = 2147483647;
			files = (
				A6D5FC5B29469C0400DCF17F /* LocalFeedImage.swift in Sources */,
				A6D5FC7E2949FF6E00DCF17F /* FeedStore.xcdatamodeld in Sources */,
				A6D5FC572946877900DCF17F /* FeedStore.swift in Sources */,
				C832DB11293F4DE900D8F708 /* URLSessionHTTPClient.swift in Sources */,
				C82101E6293AC2C6007A696A /* RemoteFeedLoader.swift in Sources */,
				A6D5FC7B2949FE2600DCF17F /* CoreDataFeedStore.swift in Sources */,
				A6D5FC83294A111C00DCF17F /* CoreDataHelpers.swift in Sources */,
				C82101E8293D3BFA007A696A /* HTTPClient.swift in Sources */,
				C89A7571293A574C00998336 /* FeedLoader.swift in Sources */,
				A6D5FC85294A119400DCF17F /* ManagedCache.swift in Sources */,
				C82101EA293D3C31007A696A /* FeedItemsMapper.swift in Sources */,
				A6D5FC5929469BCD00DCF17F /* RemoteFeedItem.swift in Sources */,
				A6D5FC682947E75C00DCF17F /* FeedCachePolicy.swift in Sources */,
				C89A756F293A56A000998336 /* FeedImage.swift in Sources */,
				A6D5FC87294A11B300DCF17F /* ManagedFeedImage.swift in Sources */,
				A6D5FC55294686D700DCF17F /* LocalFeedLoader.swift in Sources */,
				C89A7559293A567500998336 /* EssentialFeed.docc in Sources */,
			);
			runOnlyForDeploymentPostprocessing = 0;
		};
		C89A755A293A567500998336 /* Sources */ = {
			isa = PBXSourcesBuildPhase;
			buildActionMask = 2147483647;
			files = (
				A6D5FC642947D4C400DCF17F /* FeedCacheTestHelpers.swift in Sources */,
				A6D5FC622947D0AF00DCF17F /* ValidateFeedCacheUseCaseTests.swift in Sources */,
				C89A7564293A567500998336 /* LoadFeedFromRemoteUseCaseTests.swift in Sources */,
				A6D5FC742949439F00DCF17F /* XCTestCase+FailableInsertFeedStoreSpecs.swift in Sources */,
				C82101ED293D5A44007A696A /* URLSessionHTTPClientTests.swift in Sources */,
				A6D5FC602947AA4A00DCF17F /* FeedStoreSpy.swift in Sources */,
				A6D5FC662947D57B00DCF17F /* SharedTestHelpers.swift in Sources */,
				A6D5FC522943999600DCF17F /* CacheFeedUseCaseTests.swift in Sources */,
				A6D5FC762949440800DCF17F /* XCTestCase+FailableDeleteFeedStoreSpecs.swift in Sources */,
				A6D5FC722949431600DCF17F /* XCTestCase+FailableRetrieveFeedStoreSpecs.swift in Sources */,
				A6D5FC5D2947A8F000DCF17F /* LoadFeedFromCacheUseCaseTests.swift in Sources */,
				A6D5FC6E29493EBC00DCF17F /* FeedStoreSpecs.swift in Sources */,
				C82649E9293DFD2B00823ACF /* XCTestCase+MemoryLeakTracking.swift in Sources */,
				A6D5FC792949FCFB00DCF17F /* CoreDataFeedStoreTests.swift in Sources */,
				A6D5FC7029493FF800DCF17F /* XCTestCase+FeedStoreSpecs.swift in Sources */,
			);
			runOnlyForDeploymentPostprocessing = 0;
		};
/* End PBXSourcesBuildPhase section */

/* Begin PBXTargetDependency section */
		A62F2C6B294E710800656643 /* PBXTargetDependency */ = {
			isa = PBXTargetDependency;
			target = A62F2C60294E710600656643 /* EssentialFeediOS */;
			targetProxy = A62F2C6A294E710800656643 /* PBXContainerItemProxy */;
		};
		A62F2C7D294E7C2C00656643 /* PBXTargetDependency */ = {
			isa = PBXTargetDependency;
			platformFilter = ios;
			target = C89A7553293A567500998336 /* EssentialFeed */;
			targetProxy = A62F2C7C294E7C2C00656643 /* PBXContainerItemProxy */;
		};
		A68F2559293F89CF00A25A63 /* PBXTargetDependency */ = {
			isa = PBXTargetDependency;
			target = C89A7553293A567500998336 /* EssentialFeed */;
			targetProxy = A68F2558293F89CF00A25A63 /* PBXContainerItemProxy */;
		};
		A6ECF34E294A28DF00D86A84 /* PBXTargetDependency */ = {
			isa = PBXTargetDependency;
			target = C89A7553293A567500998336 /* EssentialFeed */;
			targetProxy = A6ECF34D294A28DF00D86A84 /* PBXContainerItemProxy */;
		};
		C89A7561293A567500998336 /* PBXTargetDependency */ = {
			isa = PBXTargetDependency;
			target = C89A7553293A567500998336 /* EssentialFeed */;
			targetProxy = C89A7560293A567500998336 /* PBXContainerItemProxy */;
		};
/* End PBXTargetDependency section */

/* Begin PBXVariantGroup section */
		A69355EC2950CBD000D241C7 /* Feed.strings */ = {
			isa = PBXVariantGroup;
			children = (
				A69355EB2950CBD000D241C7 /* en */,
				A69355ED2950CC1C00D241C7 /* pt-BR */,
				A69355EE2950CC5C00D241C7 /* el */,
			);
			name = Feed.strings;
			sourceTree = "<group>";
		};
/* End PBXVariantGroup section */

/* Begin XCBuildConfiguration section */
		A62F2C71294E710900656643 /* Debug */ = {
			isa = XCBuildConfiguration;
			buildSettings = {
				CLANG_ENABLE_MODULES = YES;
				CODE_SIGN_STYLE = Automatic;
				CURRENT_PROJECT_VERSION = 1;
				DEFINES_MODULE = YES;
				DEVELOPMENT_TEAM = 6FQ6YSCCSJ;
				DYLIB_COMPATIBILITY_VERSION = 1;
				DYLIB_CURRENT_VERSION = 1;
				DYLIB_INSTALL_NAME_BASE = "@rpath";
				GENERATE_INFOPLIST_FILE = YES;
				INFOPLIST_KEY_NSHumanReadableCopyright = "";
				INSTALL_PATH = "$(LOCAL_LIBRARY_DIR)/Frameworks";
				IPHONEOS_DEPLOYMENT_TARGET = 16.1;
				LD_RUNPATH_SEARCH_PATHS = (
					"$(inherited)",
					"@executable_path/Frameworks",
					"@loader_path/Frameworks",
				);
				MARKETING_VERSION = 1.0;
				PRODUCT_BUNDLE_IDENTIFIER = com.serdarbuhan.EssentialFeediOS;
				PRODUCT_NAME = "$(TARGET_NAME:c99extidentifier)";
				SDKROOT = iphoneos;
				SKIP_INSTALL = YES;
				SUPPORTED_PLATFORMS = "iphoneos iphonesimulator";
				SUPPORTS_MACCATALYST = NO;
				SUPPORTS_MAC_DESIGNED_FOR_IPHONE_IPAD = NO;
				SWIFT_EMIT_LOC_STRINGS = YES;
				SWIFT_OPTIMIZATION_LEVEL = "-Onone";
				SWIFT_VERSION = 5.0;
				TARGETED_DEVICE_FAMILY = "1,2";
			};
			name = Debug;
		};
		A62F2C72294E710900656643 /* Release */ = {
			isa = XCBuildConfiguration;
			buildSettings = {
				CLANG_ENABLE_MODULES = YES;
				CODE_SIGN_STYLE = Automatic;
				CURRENT_PROJECT_VERSION = 1;
				DEFINES_MODULE = YES;
				DEVELOPMENT_TEAM = 6FQ6YSCCSJ;
				DYLIB_COMPATIBILITY_VERSION = 1;
				DYLIB_CURRENT_VERSION = 1;
				DYLIB_INSTALL_NAME_BASE = "@rpath";
				GENERATE_INFOPLIST_FILE = YES;
				INFOPLIST_KEY_NSHumanReadableCopyright = "";
				INSTALL_PATH = "$(LOCAL_LIBRARY_DIR)/Frameworks";
				IPHONEOS_DEPLOYMENT_TARGET = 16.1;
				LD_RUNPATH_SEARCH_PATHS = (
					"$(inherited)",
					"@executable_path/Frameworks",
					"@loader_path/Frameworks",
				);
				MARKETING_VERSION = 1.0;
				PRODUCT_BUNDLE_IDENTIFIER = com.serdarbuhan.EssentialFeediOS;
				PRODUCT_NAME = "$(TARGET_NAME:c99extidentifier)";
				SDKROOT = iphoneos;
				SKIP_INSTALL = YES;
				SUPPORTED_PLATFORMS = "iphoneos iphonesimulator";
				SUPPORTS_MACCATALYST = NO;
				SUPPORTS_MAC_DESIGNED_FOR_IPHONE_IPAD = NO;
				SWIFT_EMIT_LOC_STRINGS = YES;
				SWIFT_VERSION = 5.0;
				TARGETED_DEVICE_FAMILY = "1,2";
				VALIDATE_PRODUCT = YES;
			};
			name = Release;
		};
		A62F2C74294E710900656643 /* Debug */ = {
			isa = XCBuildConfiguration;
			buildSettings = {
				ALWAYS_EMBED_SWIFT_STANDARD_LIBRARIES = YES;
				CLANG_ENABLE_MODULES = YES;
				CODE_SIGN_STYLE = Automatic;
				CURRENT_PROJECT_VERSION = 1;
				DEVELOPMENT_TEAM = 6FQ6YSCCSJ;
				GENERATE_INFOPLIST_FILE = YES;
				IPHONEOS_DEPLOYMENT_TARGET = 16.1;
				LD_RUNPATH_SEARCH_PATHS = (
					"$(inherited)",
					"@executable_path/Frameworks",
					"@loader_path/Frameworks",
				);
				MARKETING_VERSION = 1.0;
				PRODUCT_BUNDLE_IDENTIFIER = com.serdarbuhan.EssentialFeediOSTests;
				PRODUCT_NAME = "$(TARGET_NAME)";
				SDKROOT = iphoneos;
				SWIFT_EMIT_LOC_STRINGS = NO;
				SWIFT_OBJC_BRIDGING_HEADER = "EssentialFeediOSTests/EssentialFeediOSTests-Bridging-Header.h";
				SWIFT_OPTIMIZATION_LEVEL = "-Onone";
				SWIFT_VERSION = 5.0;
				TARGETED_DEVICE_FAMILY = "1,2";
			};
			name = Debug;
		};
		A62F2C75294E710900656643 /* Release */ = {
			isa = XCBuildConfiguration;
			buildSettings = {
				ALWAYS_EMBED_SWIFT_STANDARD_LIBRARIES = YES;
				CLANG_ENABLE_MODULES = YES;
				CODE_SIGN_STYLE = Automatic;
				CURRENT_PROJECT_VERSION = 1;
				DEVELOPMENT_TEAM = 6FQ6YSCCSJ;
				GENERATE_INFOPLIST_FILE = YES;
				IPHONEOS_DEPLOYMENT_TARGET = 16.1;
				LD_RUNPATH_SEARCH_PATHS = (
					"$(inherited)",
					"@executable_path/Frameworks",
					"@loader_path/Frameworks",
				);
				MARKETING_VERSION = 1.0;
				PRODUCT_BUNDLE_IDENTIFIER = com.serdarbuhan.EssentialFeediOSTests;
				PRODUCT_NAME = "$(TARGET_NAME)";
				SDKROOT = iphoneos;
				SWIFT_EMIT_LOC_STRINGS = NO;
				SWIFT_OBJC_BRIDGING_HEADER = "EssentialFeediOSTests/EssentialFeediOSTests-Bridging-Header.h";
				SWIFT_VERSION = 5.0;
				TARGETED_DEVICE_FAMILY = "1,2";
				VALIDATE_PRODUCT = YES;
			};
			name = Release;
		};
		A68F255A293F89CF00A25A63 /* Debug */ = {
			isa = XCBuildConfiguration;
			buildSettings = {
				CODE_SIGN_STYLE = Automatic;
				CURRENT_PROJECT_VERSION = 1;
				DEVELOPMENT_TEAM = 6FQ6YSCCSJ;
				GENERATE_INFOPLIST_FILE = YES;
				MACOSX_DEPLOYMENT_TARGET = 12.5;
				MARKETING_VERSION = 1.0;
				PRODUCT_BUNDLE_IDENTIFIER = com.serdarbuhan.EssentialFeedAPIEndToEndTests;
				PRODUCT_NAME = "$(TARGET_NAME)";
				SUPPORTED_PLATFORMS = "macosx iphoneos iphonesimulator";
				SWIFT_EMIT_LOC_STRINGS = NO;
				SWIFT_VERSION = 5.0;
			};
			name = Debug;
		};
		A68F255B293F89CF00A25A63 /* Release */ = {
			isa = XCBuildConfiguration;
			buildSettings = {
				CODE_SIGN_STYLE = Automatic;
				CURRENT_PROJECT_VERSION = 1;
				DEVELOPMENT_TEAM = 6FQ6YSCCSJ;
				GENERATE_INFOPLIST_FILE = YES;
				MACOSX_DEPLOYMENT_TARGET = 12.5;
				MARKETING_VERSION = 1.0;
				PRODUCT_BUNDLE_IDENTIFIER = com.serdarbuhan.EssentialFeedAPIEndToEndTests;
				PRODUCT_NAME = "$(TARGET_NAME)";
				SUPPORTED_PLATFORMS = "macosx iphoneos iphonesimulator";
				SWIFT_EMIT_LOC_STRINGS = NO;
				SWIFT_VERSION = 5.0;
			};
			name = Release;
		};
		A6ECF34F294A28DF00D86A84 /* Debug */ = {
			isa = XCBuildConfiguration;
			buildSettings = {
				CODE_SIGN_STYLE = Automatic;
				CURRENT_PROJECT_VERSION = 1;
				DEVELOPMENT_TEAM = 6FQ6YSCCSJ;
				GENERATE_INFOPLIST_FILE = YES;
				MACOSX_DEPLOYMENT_TARGET = 12.5;
				MARKETING_VERSION = 1.0;
				PRODUCT_BUNDLE_IDENTIFIER = com.serdarbuhan.EssentialFeedCacheIntegrationTests;
				PRODUCT_NAME = "$(TARGET_NAME)";
				SUPPORTED_PLATFORMS = "macosx iphoneos iphonesimulator";
				SWIFT_EMIT_LOC_STRINGS = NO;
				SWIFT_VERSION = 5.0;
			};
			name = Debug;
		};
		A6ECF350294A28DF00D86A84 /* Release */ = {
			isa = XCBuildConfiguration;
			buildSettings = {
				CODE_SIGN_STYLE = Automatic;
				CURRENT_PROJECT_VERSION = 1;
				DEVELOPMENT_TEAM = 6FQ6YSCCSJ;
				GENERATE_INFOPLIST_FILE = YES;
				MACOSX_DEPLOYMENT_TARGET = 12.5;
				MARKETING_VERSION = 1.0;
				PRODUCT_BUNDLE_IDENTIFIER = com.serdarbuhan.EssentialFeedCacheIntegrationTests;
				PRODUCT_NAME = "$(TARGET_NAME)";
				SUPPORTED_PLATFORMS = "macosx iphoneos iphonesimulator";
				SWIFT_EMIT_LOC_STRINGS = NO;
				SWIFT_VERSION = 5.0;
			};
			name = Release;
		};
		C89A7566293A567500998336 /* Debug */ = {
			isa = XCBuildConfiguration;
			buildSettings = {
				ALWAYS_SEARCH_USER_PATHS = NO;
				CLANG_ANALYZER_LOCALIZABILITY_NONLOCALIZED = YES;
				CLANG_ANALYZER_NONNULL = YES;
				CLANG_ANALYZER_NUMBER_OBJECT_CONVERSION = YES_AGGRESSIVE;
				CLANG_CXX_LANGUAGE_STANDARD = "gnu++20";
				CLANG_ENABLE_MODULES = YES;
				CLANG_ENABLE_OBJC_ARC = YES;
				CLANG_ENABLE_OBJC_WEAK = YES;
				CLANG_WARN_BLOCK_CAPTURE_AUTORELEASING = YES;
				CLANG_WARN_BOOL_CONVERSION = YES;
				CLANG_WARN_COMMA = YES;
				CLANG_WARN_CONSTANT_CONVERSION = YES;
				CLANG_WARN_DEPRECATED_OBJC_IMPLEMENTATIONS = YES;
				CLANG_WARN_DIRECT_OBJC_ISA_USAGE = YES_ERROR;
				CLANG_WARN_DOCUMENTATION_COMMENTS = YES;
				CLANG_WARN_EMPTY_BODY = YES;
				CLANG_WARN_ENUM_CONVERSION = YES;
				CLANG_WARN_INFINITE_RECURSION = YES;
				CLANG_WARN_INT_CONVERSION = YES;
				CLANG_WARN_NON_LITERAL_NULL_CONVERSION = YES;
				CLANG_WARN_OBJC_IMPLICIT_RETAIN_SELF = YES;
				CLANG_WARN_OBJC_LITERAL_CONVERSION = YES;
				CLANG_WARN_OBJC_ROOT_CLASS = YES_ERROR;
				CLANG_WARN_QUOTED_INCLUDE_IN_FRAMEWORK_HEADER = YES;
				CLANG_WARN_RANGE_LOOP_ANALYSIS = YES;
				CLANG_WARN_STRICT_PROTOTYPES = YES;
				CLANG_WARN_SUSPICIOUS_MOVE = YES;
				CLANG_WARN_UNGUARDED_AVAILABILITY = YES_AGGRESSIVE;
				CLANG_WARN_UNREACHABLE_CODE = YES;
				CLANG_WARN__DUPLICATE_METHOD_MATCH = YES;
				COPY_PHASE_STRIP = NO;
				CURRENT_PROJECT_VERSION = 1;
				DEBUG_INFORMATION_FORMAT = dwarf;
				ENABLE_STRICT_OBJC_MSGSEND = YES;
				ENABLE_TESTABILITY = YES;
				GCC_C_LANGUAGE_STANDARD = gnu11;
				GCC_DYNAMIC_NO_PIC = NO;
				GCC_NO_COMMON_BLOCKS = YES;
				GCC_OPTIMIZATION_LEVEL = 0;
				GCC_PREPROCESSOR_DEFINITIONS = (
					"DEBUG=1",
					"$(inherited)",
				);
				GCC_WARN_64_TO_32_BIT_CONVERSION = YES;
				GCC_WARN_ABOUT_RETURN_TYPE = YES_ERROR;
				GCC_WARN_UNDECLARED_SELECTOR = YES;
				GCC_WARN_UNINITIALIZED_AUTOS = YES_AGGRESSIVE;
				GCC_WARN_UNUSED_FUNCTION = YES;
				GCC_WARN_UNUSED_VARIABLE = YES;
				MACOSX_DEPLOYMENT_TARGET = 12.3;
				MTL_ENABLE_DEBUG_INFO = INCLUDE_SOURCE;
				MTL_FAST_MATH = YES;
				ONLY_ACTIVE_ARCH = YES;
				SDKROOT = macosx;
				SWIFT_ACTIVE_COMPILATION_CONDITIONS = DEBUG;
				SWIFT_OPTIMIZATION_LEVEL = "-Onone";
				VERSIONING_SYSTEM = "apple-generic";
				VERSION_INFO_PREFIX = "";
			};
			name = Debug;
		};
		C89A7567293A567500998336 /* Release */ = {
			isa = XCBuildConfiguration;
			buildSettings = {
				ALWAYS_SEARCH_USER_PATHS = NO;
				CLANG_ANALYZER_LOCALIZABILITY_NONLOCALIZED = YES;
				CLANG_ANALYZER_NONNULL = YES;
				CLANG_ANALYZER_NUMBER_OBJECT_CONVERSION = YES_AGGRESSIVE;
				CLANG_CXX_LANGUAGE_STANDARD = "gnu++20";
				CLANG_ENABLE_MODULES = YES;
				CLANG_ENABLE_OBJC_ARC = YES;
				CLANG_ENABLE_OBJC_WEAK = YES;
				CLANG_WARN_BLOCK_CAPTURE_AUTORELEASING = YES;
				CLANG_WARN_BOOL_CONVERSION = YES;
				CLANG_WARN_COMMA = YES;
				CLANG_WARN_CONSTANT_CONVERSION = YES;
				CLANG_WARN_DEPRECATED_OBJC_IMPLEMENTATIONS = YES;
				CLANG_WARN_DIRECT_OBJC_ISA_USAGE = YES_ERROR;
				CLANG_WARN_DOCUMENTATION_COMMENTS = YES;
				CLANG_WARN_EMPTY_BODY = YES;
				CLANG_WARN_ENUM_CONVERSION = YES;
				CLANG_WARN_INFINITE_RECURSION = YES;
				CLANG_WARN_INT_CONVERSION = YES;
				CLANG_WARN_NON_LITERAL_NULL_CONVERSION = YES;
				CLANG_WARN_OBJC_IMPLICIT_RETAIN_SELF = YES;
				CLANG_WARN_OBJC_LITERAL_CONVERSION = YES;
				CLANG_WARN_OBJC_ROOT_CLASS = YES_ERROR;
				CLANG_WARN_QUOTED_INCLUDE_IN_FRAMEWORK_HEADER = YES;
				CLANG_WARN_RANGE_LOOP_ANALYSIS = YES;
				CLANG_WARN_STRICT_PROTOTYPES = YES;
				CLANG_WARN_SUSPICIOUS_MOVE = YES;
				CLANG_WARN_UNGUARDED_AVAILABILITY = YES_AGGRESSIVE;
				CLANG_WARN_UNREACHABLE_CODE = YES;
				CLANG_WARN__DUPLICATE_METHOD_MATCH = YES;
				COPY_PHASE_STRIP = NO;
				CURRENT_PROJECT_VERSION = 1;
				DEBUG_INFORMATION_FORMAT = "dwarf-with-dsym";
				ENABLE_NS_ASSERTIONS = NO;
				ENABLE_STRICT_OBJC_MSGSEND = YES;
				GCC_C_LANGUAGE_STANDARD = gnu11;
				GCC_NO_COMMON_BLOCKS = YES;
				GCC_WARN_64_TO_32_BIT_CONVERSION = YES;
				GCC_WARN_ABOUT_RETURN_TYPE = YES_ERROR;
				GCC_WARN_UNDECLARED_SELECTOR = YES;
				GCC_WARN_UNINITIALIZED_AUTOS = YES_AGGRESSIVE;
				GCC_WARN_UNUSED_FUNCTION = YES;
				GCC_WARN_UNUSED_VARIABLE = YES;
				MACOSX_DEPLOYMENT_TARGET = 12.3;
				MTL_ENABLE_DEBUG_INFO = NO;
				MTL_FAST_MATH = YES;
				SDKROOT = macosx;
				SWIFT_COMPILATION_MODE = wholemodule;
				SWIFT_OPTIMIZATION_LEVEL = "-O";
				VERSIONING_SYSTEM = "apple-generic";
				VERSION_INFO_PREFIX = "";
			};
			name = Release;
		};
		C89A7569293A567500998336 /* Debug */ = {
			isa = XCBuildConfiguration;
			buildSettings = {
				CODE_SIGN_STYLE = Automatic;
				COMBINE_HIDPI_IMAGES = YES;
				CURRENT_PROJECT_VERSION = 1;
				DEFINES_MODULE = YES;
				DYLIB_COMPATIBILITY_VERSION = 1;
				DYLIB_CURRENT_VERSION = 1;
				DYLIB_INSTALL_NAME_BASE = "@rpath";
				GENERATE_INFOPLIST_FILE = YES;
				INFOPLIST_KEY_NSHumanReadableCopyright = "";
				INSTALL_PATH = "$(LOCAL_LIBRARY_DIR)/Frameworks";
				LD_RUNPATH_SEARCH_PATHS = (
					"$(inherited)",
					"@executable_path/../Frameworks",
					"@loader_path/Frameworks",
				);
				MARKETING_VERSION = 1.0;
				PRODUCT_BUNDLE_IDENTIFIER = com.serdarbuhan.EssentialFeed;
				PRODUCT_NAME = "$(TARGET_NAME:c99extidentifier)";
				SKIP_INSTALL = YES;
				SUPPORTED_PLATFORMS = "macosx iphoneos iphonesimulator";
				SWIFT_EMIT_LOC_STRINGS = YES;
				SWIFT_VERSION = 5.0;
			};
			name = Debug;
		};
		C89A756A293A567500998336 /* Release */ = {
			isa = XCBuildConfiguration;
			buildSettings = {
				CODE_SIGN_STYLE = Automatic;
				COMBINE_HIDPI_IMAGES = YES;
				CURRENT_PROJECT_VERSION = 1;
				DEFINES_MODULE = YES;
				DYLIB_COMPATIBILITY_VERSION = 1;
				DYLIB_CURRENT_VERSION = 1;
				DYLIB_INSTALL_NAME_BASE = "@rpath";
				GENERATE_INFOPLIST_FILE = YES;
				INFOPLIST_KEY_NSHumanReadableCopyright = "";
				INSTALL_PATH = "$(LOCAL_LIBRARY_DIR)/Frameworks";
				LD_RUNPATH_SEARCH_PATHS = (
					"$(inherited)",
					"@executable_path/../Frameworks",
					"@loader_path/Frameworks",
				);
				MARKETING_VERSION = 1.0;
				PRODUCT_BUNDLE_IDENTIFIER = com.serdarbuhan.EssentialFeed;
				PRODUCT_NAME = "$(TARGET_NAME:c99extidentifier)";
				SKIP_INSTALL = YES;
				SUPPORTED_PLATFORMS = "macosx iphoneos iphonesimulator";
				SWIFT_EMIT_LOC_STRINGS = YES;
				SWIFT_VERSION = 5.0;
			};
			name = Release;
		};
		C89A756C293A567500998336 /* Debug */ = {
			isa = XCBuildConfiguration;
			buildSettings = {
				ALWAYS_EMBED_SWIFT_STANDARD_LIBRARIES = YES;
				CODE_SIGN_STYLE = Automatic;
				CURRENT_PROJECT_VERSION = 1;
				GENERATE_INFOPLIST_FILE = YES;
				MARKETING_VERSION = 1.0;
				PRODUCT_BUNDLE_IDENTIFIER = com.serdarbuhan.EssentialFeedTests;
				PRODUCT_NAME = "$(TARGET_NAME)";
				SUPPORTED_PLATFORMS = "macosx iphoneos iphonesimulator";
				SWIFT_EMIT_LOC_STRINGS = NO;
				SWIFT_VERSION = 5.0;
			};
			name = Debug;
		};
		C89A756D293A567500998336 /* Release */ = {
			isa = XCBuildConfiguration;
			buildSettings = {
				ALWAYS_EMBED_SWIFT_STANDARD_LIBRARIES = YES;
				CODE_SIGN_STYLE = Automatic;
				CURRENT_PROJECT_VERSION = 1;
				GENERATE_INFOPLIST_FILE = YES;
				MARKETING_VERSION = 1.0;
				PRODUCT_BUNDLE_IDENTIFIER = com.serdarbuhan.EssentialFeedTests;
				PRODUCT_NAME = "$(TARGET_NAME)";
				SUPPORTED_PLATFORMS = "macosx iphoneos iphonesimulator";
				SWIFT_EMIT_LOC_STRINGS = NO;
				SWIFT_VERSION = 5.0;
			};
			name = Release;
		};
/* End XCBuildConfiguration section */

/* Begin XCConfigurationList section */
		A62F2C70294E710900656643 /* Build configuration list for PBXNativeTarget "EssentialFeediOS" */ = {
			isa = XCConfigurationList;
			buildConfigurations = (
				A62F2C71294E710900656643 /* Debug */,
				A62F2C72294E710900656643 /* Release */,
			);
			defaultConfigurationIsVisible = 0;
			defaultConfigurationName = Release;
		};
		A62F2C73294E710900656643 /* Build configuration list for PBXNativeTarget "EssentialFeediOSTests" */ = {
			isa = XCConfigurationList;
			buildConfigurations = (
				A62F2C74294E710900656643 /* Debug */,
				A62F2C75294E710900656643 /* Release */,
			);
			defaultConfigurationIsVisible = 0;
			defaultConfigurationName = Release;
		};
		A68F255C293F89CF00A25A63 /* Build configuration list for PBXNativeTarget "EssentialFeedAPIEndToEndTests" */ = {
			isa = XCConfigurationList;
			buildConfigurations = (
				A68F255A293F89CF00A25A63 /* Debug */,
				A68F255B293F89CF00A25A63 /* Release */,
			);
			defaultConfigurationIsVisible = 0;
			defaultConfigurationName = Release;
		};
		A6ECF351294A28DF00D86A84 /* Build configuration list for PBXNativeTarget "EssentialFeedCacheIntegrationTests" */ = {
			isa = XCConfigurationList;
			buildConfigurations = (
				A6ECF34F294A28DF00D86A84 /* Debug */,
				A6ECF350294A28DF00D86A84 /* Release */,
			);
			defaultConfigurationIsVisible = 0;
			defaultConfigurationName = Release;
		};
		C89A754E293A567500998336 /* Build configuration list for PBXProject "EssentialFeed" */ = {
			isa = XCConfigurationList;
			buildConfigurations = (
				C89A7566293A567500998336 /* Debug */,
				C89A7567293A567500998336 /* Release */,
			);
			defaultConfigurationIsVisible = 0;
			defaultConfigurationName = Release;
		};
		C89A7568293A567500998336 /* Build configuration list for PBXNativeTarget "EssentialFeed" */ = {
			isa = XCConfigurationList;
			buildConfigurations = (
				C89A7569293A567500998336 /* Debug */,
				C89A756A293A567500998336 /* Release */,
			);
			defaultConfigurationIsVisible = 0;
			defaultConfigurationName = Release;
		};
		C89A756B293A567500998336 /* Build configuration list for PBXNativeTarget "EssentialFeedTests" */ = {
			isa = XCConfigurationList;
			buildConfigurations = (
				C89A756C293A567500998336 /* Debug */,
				C89A756D293A567500998336 /* Release */,
			);
			defaultConfigurationIsVisible = 0;
			defaultConfigurationName = Release;
		};
/* End XCConfigurationList section */

/* Begin XCVersionGroup section */
		A6D5FC7C2949FF6E00DCF17F /* FeedStore.xcdatamodeld */ = {
			isa = XCVersionGroup;
			children = (
				A6D5FC7D2949FF6E00DCF17F /* FeedStore.xcdatamodel */,
			);
			currentVersion = A6D5FC7D2949FF6E00DCF17F /* FeedStore.xcdatamodel */;
			path = FeedStore.xcdatamodeld;
			sourceTree = "<group>";
			versionGroupType = wrapper.xcdatamodel;
		};
/* End XCVersionGroup section */
	};
	rootObject = C89A754B293A567500998336 /* Project object */;
}
